
Microsoft Visual Studio Solution File, Format Version 12.00
# Visual Studio Version 17
VisualStudioVersion = 17.14.36301.6 d17.14
MinimumVisualStudioVersion = 10.0.40219.1
Project("{FAE04EC0-301F-11D3-BF4B-00C04F79EFBC}") = "IntegrationTestLab", "IntegrationTestLab\IntegrationTestLab.csproj", "{653EB725-FCEF-4A68-8892-8070A60F53F2}"
EndProject
Project("{FAE04EC0-301F-11D3-BF4B-00C04F79EFBC}") = "IntegrationTestLabTest", "IntegrationTestLabTest\IntegrationTestLabTest.csproj", "{2A1E77DD-4DCC-4ABE-BE1D-080CC00CF43F}"
EndProject
Global
	GlobalSection(SolutionConfigurationPlatforms) = preSolution
		Debug|Any CPU = Debug|Any CPU
		Release|Any CPU = Release|Any CPU
	EndGlobalSection
	GlobalSection(ProjectConfigurationPlatforms) = postSolution
		{653EB725-FCEF-4A68-8892-8070A60F53F2}.Debug|Any CPU.ActiveCfg = Debug|Any CPU
		{653EB725-FCEF-4A68-8892-8070A60F53F2}.Debug|Any CPU.Build.0 = Debug|Any CPU
		{653EB725-FCEF-4A68-8892-8070A60F53F2}.Release|Any CPU.ActiveCfg = Release|Any CPU
		{653EB725-FCEF-4A68-8892-8070A60F53F2}.Release|Any CPU.Build.0 = Release|Any CPU
		{2A1E77DD-4DCC-4ABE-BE1D-080CC00CF43F}.Debug|Any CPU.ActiveCfg = Debug|Any CPU
		{2A1E77DD-4DCC-4ABE-BE1D-080CC00CF43F}.Debug|Any CPU.Build.0 = Debug|Any CPU
		{2A1E77DD-4DCC-4ABE-BE1D-080CC00CF43F}.Release|Any CPU.ActiveCfg = Release|Any CPU
		{2A1E77DD-4DCC-4ABE-BE1D-080CC00CF43F}.Release|Any CPU.Build.0 = Release|Any CPU
	EndGlobalSection
	GlobalSection(SolutionProperties) = preSolution
		HideSolutionNode = FALSE
	EndGlobalSection
	GlobalSection(ExtensibilityGlobals) = postSolution
		SolutionGuid = {6F9EA784-73C4-4BBD-872B-2FF6F3011379}
	EndGlobalSection
EndGlobal
